{
  "object": {
    "pins": [
      {
        "package": "swift-measure",
        "repositoryURL": "https://github.com/tgrapperon/swift-measure",
        "state": {
          "branch": null,
          "revision": "3db5ea3acca0f2b78b4a67e1c96e48a89d0f135c",
          "version": "0.0.1"
        }
      }
    ]
  },
  "version": 1
}
